
Microsoft Visual Studio Solution File, Format Version 12.00
# Visual Studio 15
VisualStudioVersion = 15.0.27004.2002
MinimumVisualStudioVersion = 10.0.40219.1
Project("{9A19103F-16F7-4668-BE54-9A1E7A4F7556}") = "GameApplication", "GameApplication\GameApplication.csproj", "{5F99E5D7-15EE-4598-8914-ABDFF1325A39}"
EndProject
Project("{FAE04EC0-301F-11D3-BF4B-00C04F79EFBC}") = "GameApplicationTests", "GameApplicationTests\GameApplicationTests.csproj", "{1BB24369-6756-444A-87E8-276A89DD479F}"
EndProject
Global
	GlobalSection(SolutionConfigurationPlatforms) = preSolution
		Debug|Any CPU = Debug|Any CPU
		Release|Any CPU = Release|Any CPU
	EndGlobalSection
	GlobalSection(ProjectConfigurationPlatforms) = postSolution
		{5F99E5D7-15EE-4598-8914-ABDFF1325A39}.Debug|Any CPU.ActiveCfg = Debug|Any CPU
		{5F99E5D7-15EE-4598-8914-ABDFF1325A39}.Debug|Any CPU.Build.0 = Debug|Any CPU
		{5F99E5D7-15EE-4598-8914-ABDFF1325A39}.Release|Any CPU.ActiveCfg = Release|Any CPU
		{5F99E5D7-15EE-4598-8914-ABDFF1325A39}.Release|Any CPU.Build.0 = Release|Any CPU
		{1BB24369-6756-444A-87E8-276A89DD479F}.Debug|Any CPU.ActiveCfg = Debug|Any CPU
		{1BB24369-6756-444A-87E8-276A89DD479F}.Debug|Any CPU.Build.0 = Debug|Any CPU
		{1BB24369-6756-444A-87E8-276A89DD479F}.Release|Any CPU.ActiveCfg = Release|Any CPU
		{1BB24369-6756-444A-87E8-276A89DD479F}.Release|Any CPU.Build.0 = Release|Any CPU
	EndGlobalSection
	GlobalSection(SolutionProperties) = preSolution
		HideSolutionNode = FALSE
	EndGlobalSection
	GlobalSection(ExtensibilityGlobals) = postSolution
		SolutionGuid = {D47168AD-A4BA-4077-935E-A68889F9B485}
	EndGlobalSection
EndGlobal
